{
  "name": "src",
  "version": "1.0.0",
  "lockfileVersion": 1,
  "requires": true,
  "dependencies": {
    "bane": {
      "version": "1.1.2",
      "resolved": "https://registry.npmjs.org/bane/-/bane-1.1.2.tgz",
      "integrity": "sha1-vGQkjMgjFgx98/I4uH/mLEThB7k="
    },
    "fade-steps": {
      "version": "1.1.0",
      "resolved": "https://registry.npmjs.org/fade-steps/-/fade-steps-1.1.0.tgz",
      "integrity": "sha1-tlzxzmDhXnjGjZ5L5MlhmrMoido="
    },
    "faye-websocket": {
      "version": "0.9.4",
      "resolved": "https://registry.npmjs.org/faye-websocket/-/faye-websocket-0.9.4.tgz",
      "integrity": "sha1-iFk0x57/sECVSeDAo4Ae0XpAza0=",
      "requires": {
        "websocket-driver": "0.6.5"
      }
    },
    "mopidy": {
      "version": "0.5.0",
      "resolved": "https://registry.npmjs.org/mopidy/-/mopidy-0.5.0.tgz",
      "integrity": "sha1-oZhj4IvrU+bR+AzBfx7Teu5MEUc=",
      "requires": {
        "bane": "1.1.2",
        "faye-websocket": "0.9.4",
        "when": "3.7.8"
      }
    },
    "websocket-driver": {
      "version": "0.6.5",
      "resolved": "https://registry.npmjs.org/websocket-driver/-/websocket-driver-0.6.5.tgz",
      "integrity": "sha1-XLJVbOuF9Dc8bYI4qmkchFThOjY=",
      "requires": {
        "websocket-extensions": "0.1.1"
      }
    },
    "websocket-extensions": {
      "version": "0.1.1",
      "resolved": "https://registry.npmjs.org/websocket-extensions/-/websocket-extensions-0.1.1.tgz",
      "integrity": "sha1-domUmcGEtu91Q3fC27DNbLVdKec="
    },
    "when": {
      "version": "3.7.8",
      "resolved": "https://registry.npmjs.org/when/-/when-3.7.8.tgz",
      "integrity": "sha1-xxMLan6gRpPoQs3J56Hyqjmjn4I="
    }
  }
}
